
Microsoft Visual Studio Solution File, Format Version 12.00
# Visual Studio Version 17
VisualStudioVersion = 17.0.31919.166
MinimumVisualStudioVersion = 10.0.40219.1
Project("{FAE04EC0-301F-11D3-BF4B-00C04F79EFBC}") = "MathQuiz", "MathQuiz.csproj", "{8F54A01C-D63A-4067-A292-0D6CC2050C21}"
EndProject
Global
	GlobalSection(SolutionConfigurationPlatforms) = preSolution
		Debug|Any CPU = Debug|Any CPU
		Release|Any CPU = Release|Any CPU
	EndGlobalSection
	GlobalSection(ProjectConfigurationPlatforms) = postSolution
		{8F54A01C-D63A-4067-A292-0D6CC2050C21}.Debug|Any CPU.ActiveCfg = Debug|Any CPU
		{8F54A01C-D63A-4067-A292-0D6CC2050C21}.Debug|Any CPU.Build.0 = Debug|Any CPU
		{8F54A01C-D63A-4067-A292-0D6CC2050C21}.Release|Any CPU.ActiveCfg = Release|Any CPU
		{8F54A01C-D63A-4067-A292-0D6CC2050C21}.Release|Any CPU.Build.0 = Release|Any CPU
	EndGlobalSection
	GlobalSection(SolutionProperties) = preSolution
		HideSolutionNode = FALSE
	EndGlobalSection
	GlobalSection(ExtensibilityGlobals) = postSolution
		SolutionGuid = {CFC82F1E-E421-4D6F-8274-42F1FE1BE5E1}
	EndGlobalSection
EndGlobal
